{
  "lockfile_version": "1",
  "packages": {
    "git@latest": {
      "last_modified": "2026-04-23T13:07:47Z",
      "resolved": "github:NixOS/nixpkgs/01fbdeef22b76df85ea168fbfe1bfd9e63681b30#git",
      "source": "devbox-search",
      "version": "2.53.0",
      "systems": {
        "aarch64-darwin": {
          "outputs": [
            {
              "name": "out",
              "path": "/nix/store/5y6cp247hspkqa7pp6cbc4540ygx0249-git-2.53.0",
              "default": true
            },
            {
              "name": "doc",
              "path": "/nix/store/0kjpgj1grgba239ykdnv1cjc61xqk3aa-git-2.53.0-doc"
            }
          ],
          "store_path": "/nix/store/5y6cp247hspkqa7pp6cbc4540ygx0249-git-2.53.0"
        },
        "aarch64-linux": {
          "outputs": [
            {
              "name": "out",
              "path": "/nix/store/gx9r7g2kyrjhh0zhgxz91f5nbczxh1ac-git-2.53.0",
              "default": true
            },
            {
              "name": "debug",
              "path": "/nix/store/rc56a3l2wby94gk9gvirpwi9hv9v15gi-git-2.53.0-debug"
            },
            {
              "name": "doc",
              "path": "/nix/store/q8j5mwix1g75xyq025d3hmringklm52z-git-2.53.0-doc"
            }
          ],
          "store_path": "/nix/store/gx9r7g2kyrjhh0zhgxz91f5nbczxh1ac-git-2.53.0"
        },
        "x86_64-darwin": {
          "outputs": [
            {
              "name": "out",
              "path": "/nix/store/zar16r8w28c6qjdh3xqnkjcmvjjqwi77-git-2.53.0",
              "default": true
            },
            {
              "name": "doc",
              "path": "/nix/store/9jcm7zadfi5wsic3kizs4x71a8dqlj83-git-2.53.0-doc"
            }
          ],
          "store_path": "/nix/store/zar16r8w28c6qjdh3xqnkjcmvjjqwi77-git-2.53.0"
        },
        "x86_64-linux": {
          "outputs": [
            {
              "name": "out",
              "path": "/nix/store/c0277k5giric1mn9dklllavbzvxl6hzb-git-2.53.0",
              "default": true
            },
            {
              "name": "debug",
              "path": "/nix/store/qyqya20z59d164d6692hlyb9pkq10ykk-git-2.53.0-debug"
            },
            {
              "name": "doc",
              "path": "/nix/store/vv1ap6qaxdzpa4jqg71myxh5wcvnlqv8-git-2.53.0-doc"
            }
          ],
          "store_path": "/nix/store/c0277k5giric1mn9dklllavbzvxl6hzb-git-2.53.0"
        }
      }
    },
    "github:NixOS/nixpkgs/nixpkgs-unstable": {
      "last_modified": "2026-04-16T08:46:55Z",
      "resolved": "github:NixOS/nixpkgs/b86751bc4085f48661017fa226dee99fab6c651b?lastModified=1776329215"
    },
    "nodejs@22": {
      "last_modified": "2026-04-23T13:07:47Z",
      "plugin_version": "0.0.2",
      "resolved": "github:NixOS/nixpkgs/01fbdeef22b76df85ea168fbfe1bfd9e63681b30#nodejs_22",
      "source": "devbox-search",
      "version": "22.22.2",
      "systems": {
        "aarch64-darwin": {
          "outputs": [
            {
              "name": "out",
              "path": "/nix/store/0zb2cr3b9xlancr6s938s73pxfcbzji2-nodejs-22.22.2",
              "default": true
            }
          ],
          "store_path": "/nix/store/0zb2cr3b9xlancr6s938s73pxfcbzji2-nodejs-22.22.2"
        },
        "aarch64-linux": {
          "outputs": [
            {
              "name": "out",
              "path": "/nix/store/2axvilfkmlz8wfa9zimidv5l1cydi4kc-nodejs-22.22.2",
              "default": true
            }
          ],
          "store_path": "/nix/store/2axvilfkmlz8wfa9zimidv5l1cydi4kc-nodejs-22.22.2"
        },
        "x86_64-darwin": {
          "outputs": [
            {
              "name": "out",
              "path": "/nix/store/5b95ias241mw7bp4bindlc5xxn66phjy-nodejs-22.22.2",
              "default": true
            }
          ],
          "store_path": "/nix/store/5b95ias241mw7bp4bindlc5xxn66phjy-nodejs-22.22.2"
        },
        "x86_64-linux": {
          "outputs": [
            {
              "name": "out",
              "path": "/nix/store/6x6v11xjf0psckgqmyhfyhw9bdma0rn6-nodejs-22.22.2",
              "default": true
            }
          ],
          "store_path": "/nix/store/6x6v11xjf0psckgqmyhfyhw9bdma0rn6-nodejs-22.22.2"
        }
      }
    },
    "unzip@latest": {
      "last_modified": "2026-04-23T13:07:47Z",
      "resolved": "github:NixOS/nixpkgs/01fbdeef22b76df85ea168fbfe1bfd9e63681b30#unzip",
      "source": "devbox-search",
      "version": "6.0",
      "systems": {
        "aarch64-darwin": {
          "outputs": [
            {
              "name": "out",
              "path": "/nix/store/gvs5ahxqw2qhda5iz3mkkqf5vwdiag95-unzip-6.0",
              "default": true
            }
          ],
          "store_path": "/nix/store/gvs5ahxqw2qhda5iz3mkkqf5vwdiag95-unzip-6.0"
        },
        "aarch64-linux": {
          "outputs": [
            {
              "name": "out",
              "path": "/nix/store/nq9p1mx1lww1vzh0nc692yqrr0cnhkc1-unzip-6.0",
              "default": true
            }
          ],
          "store_path": "/nix/store/nq9p1mx1lww1vzh0nc692yqrr0cnhkc1-unzip-6.0"
        },
        "x86_64-darwin": {
          "outputs": [
            {
              "name": "out",
              "path": "/nix/store/ad88pqx8njan5cv9a2i8ciak674z5c1v-unzip-6.0",
              "default": true
            }
          ],
          "store_path": "/nix/store/ad88pqx8njan5cv9a2i8ciak674z5c1v-unzip-6.0"
        },
        "x86_64-linux": {
          "outputs": [
            {
              "name": "out",
              "path": "/nix/store/d728bq0ajg6r80j9avj2mn82h3alhl88-unzip-6.0",
              "default": true
            }
          ],
          "store_path": "/nix/store/d728bq0ajg6r80j9avj2mn82h3alhl88-unzip-6.0"
        }
      }
    }
  }
}
